
Microsoft Visual Studio Solution File, Format Version 12.00
# Visual Studio 15
VisualStudioVersion = 15.0.28307.1267
MinimumVisualStudioVersion = 10.0.40219.1
Project("{8BC9CEB8-8B4A-11D0-8D11-00A0C91BC942}") = "udpServer", "udpServer\udpServer.vcxproj", "{07598BB2-8EE4-4DF6-8E62-0664ABC79C90}"
EndProject
Global
	GlobalSection(SolutionConfigurationPlatforms) = preSolution
		Debug|x64 = Debug|x64
		Debug|x86 = Debug|x86
		Release|x64 = Release|x64
		Release|x86 = Release|x86
	EndGlobalSection
	GlobalSection(ProjectConfigurationPlatforms) = postSolution
		{07598BB2-8EE4-4DF6-8E62-0664ABC79C90}.Debug|x64.ActiveCfg = Debug|x64
		{07598BB2-8EE4-4DF6-8E62-0664ABC79C90}.Debug|x64.Build.0 = Debug|x64
		{07598BB2-8EE4-4DF6-8E62-0664ABC79C90}.Debug|x86.ActiveCfg = Debug|Win32
		{07598BB2-8EE4-4DF6-8E62-0664ABC79C90}.Debug|x86.Build.0 = Debug|Win32
		{07598BB2-8EE4-4DF6-8E62-0664ABC79C90}.Release|x64.ActiveCfg = Release|x64
		{07598BB2-8EE4-4DF6-8E62-0664ABC79C90}.Release|x64.Build.0 = Release|x64
		{07598BB2-8EE4-4DF6-8E62-0664ABC79C90}.Release|x86.ActiveCfg = Release|Win32
		{07598BB2-8EE4-4DF6-8E62-0664ABC79C90}.Release|x86.Build.0 = Release|Win32
	EndGlobalSection
	GlobalSection(SolutionProperties) = preSolution
		HideSolutionNode = FALSE
	EndGlobalSection
	GlobalSection(ExtensibilityGlobals) = postSolution
		SolutionGuid = {5982187D-D08F-4504-9013-515023B5A5BF}
	EndGlobalSection
EndGlobal
